// !$*UTF8*$!
{
	archiveVersion = 1;
	classes = {
	};
	objectVersion = 56;
	objects = {

/* Begin PBXBuildFile section */
		A537BD972A1D2AE800260DF0 /* catsApp.swift in Sources */ = {isa = PBXBuildFile; fileRef = A537BD962A1D2AE800260DF0 /* catsApp.swift */; };
		A537BD992A1D2AE800260DF0 /* ContentView.swift in Sources */ = {isa = PBXBuildFile; fileRef = A537BD982A1D2AE800260DF0 /* ContentView.swift */; };
		A537BD9B2A1D2AE900260DF0 /* Assets.xcassets in Resources */ = {isa = PBXBuildFile; fileRef = A537BD9A2A1D2AE900260DF0 /* Assets.xcassets */; };
		A537BD9E2A1D2AE900260DF0 /* Preview Assets.xcassets in Resources */ = {isa = PBXBuildFile; fileRef = A537BD9D2A1D2AE900260DF0 /* Preview Assets.xcassets */; };
		A537BDA82A1D2AE900260DF0 /* catsTests.swift in Sources */ = {isa = PBXBuildFile; fileRef = A537BDA72A1D2AE900260DF0 /* catsTests.swift */; };
		A537BDB22A1D2AE900260DF0 /* catsUITests.swift in Sources */ = {isa = PBXBuildFile; fileRef = A537BDB12A1D2AE900260DF0 /* catsUITests.swift */; };
		A537BDB42A1D2AE900260DF0 /* catsUITestsLaunchTests.swift in Sources */ = {isa = PBXBuildFile; fileRef = A537BDB32A1D2AE900260DF0 /* catsUITestsLaunchTests.swift */; };
		A5CAB22D2A35FDE800304A39 /* SafariView.swift in Sources */ = {isa = PBXBuildFile; fileRef = A5CAB22C2A35FDE800304A39 /* SafariView.swift */; };
		A5EC12BB2A33A6E9004E1653 /* Breed.swift in Sources */ = {isa = PBXBuildFile; fileRef = A5EC12BA2A33A6E9004E1653 /* Breed.swift */; };
		A5EC12BD2A33A999004E1653 /* BreedDetailEndpoint.swift in Sources */ = {isa = PBXBuildFile; fileRef = A5EC12BC2A33A999004E1653 /* BreedDetailEndpoint.swift */; };
		A5EC12C12A33CB68004E1653 /* Enpoint.swift in Sources */ = {isa = PBXBuildFile; fileRef = A5EC12C02A33CB68004E1653 /* Enpoint.swift */; };
		A5EC12C32A33CB93004E1653 /* HTTPMethod.swift in Sources */ = {isa = PBXBuildFile; fileRef = A5EC12C22A33CB93004E1653 /* HTTPMethod.swift */; };
		A5EC12C52A33CBA9004E1653 /* HTTPHeader.swift in Sources */ = {isa = PBXBuildFile; fileRef = A5EC12C42A33CBA9004E1653 /* HTTPHeader.swift */; };
		A5EC12C72A33CBC9004E1653 /* APIError.swift in Sources */ = {isa = PBXBuildFile; fileRef = A5EC12C62A33CBC9004E1653 /* APIError.swift */; };
		A5EC12C92A33CC5B004E1653 /* Constants.swift in Sources */ = {isa = PBXBuildFile; fileRef = A5EC12C82A33CC5B004E1653 /* Constants.swift */; };
		A5EC12CC2A33CD7E004E1653 /* BreedsListView.swift in Sources */ = {isa = PBXBuildFile; fileRef = A5EC12CB2A33CD7E004E1653 /* BreedsListView.swift */; };
		A5EC12CE2A33CD97004E1653 /* BreedsListViewModel.swift in Sources */ = {isa = PBXBuildFile; fileRef = A5EC12CD2A33CD97004E1653 /* BreedsListViewModel.swift */; };
		A5EC12D22A33CFA9004E1653 /* APIManager.swift in Sources */ = {isa = PBXBuildFile; fileRef = A5EC12D12A33CFA9004E1653 /* APIManager.swift */; };
		A5EC12D42A33D09E004E1653 /* ImageEndpoint.swift in Sources */ = {isa = PBXBuildFile; fileRef = A5EC12D32A33D09E004E1653 /* ImageEndpoint.swift */; };
		A5EC12D72A33D1A8004E1653 /* Logger.swift in Sources */ = {isa = PBXBuildFile; fileRef = A5EC12D62A33D1A8004E1653 /* Logger.swift */; };
		A5EC12DC2A33D322004E1653 /* URL.swift in Sources */ = {isa = PBXBuildFile; fileRef = A5EC12DB2A33D322004E1653 /* URL.swift */; };
		A5EC12DE2A33D36F004E1653 /* CatImage.swift in Sources */ = {isa = PBXBuildFile; fileRef = A5EC12DD2A33D36F004E1653 /* CatImage.swift */; };
		A5EC12E02A33D52E004E1653 /* BreedsListItemView.swift in Sources */ = {isa = PBXBuildFile; fileRef = A5EC12DF2A33D52E004E1653 /* BreedsListItemView.swift */; };
		A5EC12E32A33D5FE004E1653 /* Font+App.swift in Sources */ = {isa = PBXBuildFile; fileRef = A5EC12E22A33D5FE004E1653 /* Font+App.swift */; };
		A5EC12E52A33D63B004E1653 /* Color+App.swift in Sources */ = {isa = PBXBuildFile; fileRef = A5EC12E42A33D63B004E1653 /* Color+App.swift */; };
		A5EC12E82A33D6C3004E1653 /* BreedDetailView.swift in Sources */ = {isa = PBXBuildFile; fileRef = A5EC12E72A33D6C3004E1653 /* BreedDetailView.swift */; };
		A5EC12EA2A33D6EF004E1653 /* BreedDetailViewModel.swift in Sources */ = {isa = PBXBuildFile; fileRef = A5EC12E92A33D6EF004E1653 /* BreedDetailViewModel.swift */; };
		A5EC12ED2A33D819004E1653 /* OnFirstApperViewModifier.swift in Sources */ = {isa = PBXBuildFile; fileRef = A5EC12EC2A33D819004E1653 /* OnFirstApperViewModifier.swift */; };
		A5EC12F02A33DA93004E1653 /* PaginatedResponse.swift in Sources */ = {isa = PBXBuildFile; fileRef = A5EC12EF2A33DA93004E1653 /* PaginatedResponse.swift */; };
		A5EC12F22A33DAAA004E1653 /* PaginationInfo.swift in Sources */ = {isa = PBXBuildFile; fileRef = A5EC12F12A33DAAA004E1653 /* PaginationInfo.swift */; };
		A5EC12F52A33DC34004E1653 /* DIContainer.swift in Sources */ = {isa = PBXBuildFile; fileRef = A5EC12F42A33DC34004E1653 /* DIContainer.swift */; };
		A5EC12F92A35E89A004E1653 /* BreedsGridItemView.swift in Sources */ = {isa = PBXBuildFile; fileRef = A5EC12F82A35E89A004E1653 /* BreedsGridItemView.swift */; };
/* End PBXBuildFile section */

/* Begin PBXContainerItemProxy section */
		A537BDA42A1D2AE900260DF0 /* PBXContainerItemProxy */ = {
			isa = PBXContainerItemProxy;
			containerPortal = A537BD8B2A1D2AE800260DF0 /* Project object */;
			proxyType = 1;
			remoteGlobalIDString = A537BD922A1D2AE800260DF0;
			remoteInfo = cats;
		};
		A537BDAE2A1D2AE900260DF0 /* PBXContainerItemProxy */ = {
			isa = PBXContainerItemProxy;
			containerPortal = A537BD8B2A1D2AE800260DF0 /* Project object */;
			proxyType = 1;
			remoteGlobalIDString = A537BD922A1D2AE800260DF0;
			remoteInfo = cats;
		};
/* End PBXContainerItemProxy section */

/* Begin PBXFileReference section */
		A537BD932A1D2AE800260DF0 /* cats.app */ = {isa = PBXFileReference; explicitFileType = wrapper.application; includeInIndex = 0; path = cats.app; sourceTree = BUILT_PRODUCTS_DIR; };
		A537BD962A1D2AE800260DF0 /* catsApp.swift */ = {isa = PBXFileReference; lastKnownFileType = sourcecode.swift; path = catsApp.swift; sourceTree = "<group>"; };
		A537BD982A1D2AE800260DF0 /* ContentView.swift */ = {isa = PBXFileReference; lastKnownFileType = sourcecode.swift; path = ContentView.swift; sourceTree = "<group>"; };
		A537BD9A2A1D2AE900260DF0 /* Assets.xcassets */ = {isa = PBXFileReference; lastKnownFileType = folder.assetcatalog; path = Assets.xcassets; sourceTree = "<group>"; };
		A537BD9D2A1D2AE900260DF0 /* Preview Assets.xcassets */ = {isa = PBXFileReference; lastKnownFileType = folder.assetcatalog; path = "Preview Assets.xcassets"; sourceTree = "<group>"; };
		A537BDA32A1D2AE900260DF0 /* catsTests.xctest */ = {isa = PBXFileReference; explicitFileType = wrapper.cfbundle; includeInIndex = 0; path = catsTests.xctest; sourceTree = BUILT_PRODUCTS_DIR; };
		A537BDA72A1D2AE900260DF0 /* catsTests.swift */ = {isa = PBXFileReference; lastKnownFileType = sourcecode.swift; path = catsTests.swift; sourceTree = "<group>"; };
		A537BDAD2A1D2AE900260DF0 /* catsUITests.xctest */ = {isa = PBXFileReference; explicitFileType = wrapper.cfbundle; includeInIndex = 0; path = catsUITests.xctest; sourceTree = BUILT_PRODUCTS_DIR; };
		A537BDB12A1D2AE900260DF0 /* catsUITests.swift */ = {isa = PBXFileReference; lastKnownFileType = sourcecode.swift; path = catsUITests.swift; sourceTree = "<group>"; };
		A537BDB32A1D2AE900260DF0 /* catsUITestsLaunchTests.swift */ = {isa = PBXFileReference; lastKnownFileType = sourcecode.swift; path = catsUITestsLaunchTests.swift; sourceTree = "<group>"; };
		A5CAB22C2A35FDE800304A39 /* SafariView.swift */ = {isa = PBXFileReference; lastKnownFileType = sourcecode.swift; path = SafariView.swift; sourceTree = "<group>"; };
		A5EC12BA2A33A6E9004E1653 /* Breed.swift */ = {isa = PBXFileReference; lastKnownFileType = sourcecode.swift; path = Breed.swift; sourceTree = "<group>"; };
		A5EC12BC2A33A999004E1653 /* BreedDetailEndpoint.swift */ = {isa = PBXFileReference; lastKnownFileType = sourcecode.swift; path = BreedDetailEndpoint.swift; sourceTree = "<group>"; };
		A5EC12C02A33CB68004E1653 /* Enpoint.swift */ = {isa = PBXFileReference; lastKnownFileType = sourcecode.swift; path = Enpoint.swift; sourceTree = "<group>"; };
		A5EC12C22A33CB93004E1653 /* HTTPMethod.swift */ = {isa = PBXFileReference; lastKnownFileType = sourcecode.swift; path = HTTPMethod.swift; sourceTree = "<group>"; };
		A5EC12C42A33CBA9004E1653 /* HTTPHeader.swift */ = {isa = PBXFileReference; lastKnownFileType = sourcecode.swift; path = HTTPHeader.swift; sourceTree = "<group>"; };
		A5EC12C62A33CBC9004E1653 /* APIError.swift */ = {isa = PBXFileReference; lastKnownFileType = sourcecode.swift; path = APIError.swift; sourceTree = "<group>"; };
		A5EC12C82A33CC5B004E1653 /* Constants.swift */ = {isa = PBXFileReference; lastKnownFileType = sourcecode.swift; path = Constants.swift; sourceTree = "<group>"; };
		A5EC12CB2A33CD7E004E1653 /* BreedsListView.swift */ = {isa = PBXFileReference; lastKnownFileType = sourcecode.swift; path = BreedsListView.swift; sourceTree = "<group>"; };
		A5EC12CD2A33CD97004E1653 /* BreedsListViewModel.swift */ = {isa = PBXFileReference; lastKnownFileType = sourcecode.swift; path = BreedsListViewModel.swift; sourceTree = "<group>"; };
		A5EC12D12A33CFA9004E1653 /* APIManager.swift */ = {isa = PBXFileReference; lastKnownFileType = sourcecode.swift; path = APIManager.swift; sourceTree = "<group>"; };
		A5EC12D32A33D09E004E1653 /* ImageEndpoint.swift */ = {isa = PBXFileReference; lastKnownFileType = sourcecode.swift; path = ImageEndpoint.swift; sourceTree = "<group>"; };
		A5EC12D62A33D1A8004E1653 /* Logger.swift */ = {isa = PBXFileReference; lastKnownFileType = sourcecode.swift; path = Logger.swift; sourceTree = "<group>"; };
		A5EC12DB2A33D322004E1653 /* URL.swift */ = {isa = PBXFileReference; lastKnownFileType = sourcecode.swift; path = URL.swift; sourceTree = "<group>"; };
		A5EC12DD2A33D36F004E1653 /* CatImage.swift */ = {isa = PBXFileReference; lastKnownFileType = sourcecode.swift; path = CatImage.swift; sourceTree = "<group>"; };
		A5EC12DF2A33D52E004E1653 /* BreedsListItemView.swift */ = {isa = PBXFileReference; lastKnownFileType = sourcecode.swift; path = BreedsListItemView.swift; sourceTree = "<group>"; };
		A5EC12E22A33D5FE004E1653 /* Font+App.swift */ = {isa = PBXFileReference; lastKnownFileType = sourcecode.swift; path = "Font+App.swift"; sourceTree = "<group>"; };
		A5EC12E42A33D63B004E1653 /* Color+App.swift */ = {isa = PBXFileReference; lastKnownFileType = sourcecode.swift; path = "Color+App.swift"; sourceTree = "<group>"; };
		A5EC12E72A33D6C3004E1653 /* BreedDetailView.swift */ = {isa = PBXFileReference; lastKnownFileType = sourcecode.swift; path = BreedDetailView.swift; sourceTree = "<group>"; };
		A5EC12E92A33D6EF004E1653 /* BreedDetailViewModel.swift */ = {isa = PBXFileReference; lastKnownFileType = sourcecode.swift; path = BreedDetailViewModel.swift; sourceTree = "<group>"; };
		A5EC12EC2A33D819004E1653 /* OnFirstApperViewModifier.swift */ = {isa = PBXFileReference; lastKnownFileType = sourcecode.swift; path = OnFirstApperViewModifier.swift; sourceTree = "<group>"; };
		A5EC12EF2A33DA93004E1653 /* PaginatedResponse.swift */ = {isa = PBXFileReference; lastKnownFileType = sourcecode.swift; path = PaginatedResponse.swift; sourceTree = "<group>"; };
		A5EC12F12A33DAAA004E1653 /* PaginationInfo.swift */ = {isa = PBXFileReference; lastKnownFileType = sourcecode.swift; path = PaginationInfo.swift; sourceTree = "<group>"; };
		A5EC12F42A33DC34004E1653 /* DIContainer.swift */ = {isa = PBXFileReference; lastKnownFileType = sourcecode.swift; path = DIContainer.swift; sourceTree = "<group>"; };
		A5EC12F82A35E89A004E1653 /* BreedsGridItemView.swift */ = {isa = PBXFileReference; lastKnownFileType = sourcecode.swift; path = BreedsGridItemView.swift; sourceTree = "<group>"; };
/* End PBXFileReference section */

/* Begin PBXFrameworksBuildPhase section */
		A537BD902A1D2AE800260DF0 /* Frameworks */ = {
			isa = PBXFrameworksBuildPhase;
			buildActionMask = 2147483647;
			files = (
			);
			runOnlyForDeploymentPostprocessing = 0;
		};
		A537BDA02A1D2AE900260DF0 /* Frameworks */ = {
			isa = PBXFrameworksBuildPhase;
			buildActionMask = 2147483647;
			files = (
			);
			runOnlyForDeploymentPostprocessing = 0;
		};
		A537BDAA2A1D2AE900260DF0 /* Frameworks */ = {
			isa = PBXFrameworksBuildPhase;
			buildActionMask = 2147483647;
			files = (
			);
			runOnlyForDeploymentPostprocessing = 0;
		};
/* End PBXFrameworksBuildPhase section */

/* Begin PBXGroup section */
		A537BD8A2A1D2AE800260DF0 = {
			isa = PBXGroup;
			children = (
				A537BD952A1D2AE800260DF0 /* cats */,
				A537BDA62A1D2AE900260DF0 /* catsTests */,
				A537BDB02A1D2AE900260DF0 /* catsUITests */,
				A537BD942A1D2AE800260DF0 /* Products */,
			);
			sourceTree = "<group>";
		};
		A537BD942A1D2AE800260DF0 /* Products */ = {
			isa = PBXGroup;
			children = (
				A537BD932A1D2AE800260DF0 /* cats.app */,
				A537BDA32A1D2AE900260DF0 /* catsTests.xctest */,
				A537BDAD2A1D2AE900260DF0 /* catsUITests.xctest */,
			);
			name = Products;
			sourceTree = "<group>";
		};
		A537BD952A1D2AE800260DF0 /* cats */ = {
			isa = PBXGroup;
			children = (
				A5EC12F32A33DC20004E1653 /* DI */,
				A5EC12E12A33D5E6004E1653 /* Styles */,
				A5EC12DA2A33D30F004E1653 /* Utilities */,
				A5EC12D52A33D19B004E1653 /* Logger */,
				A5EC12CA2A33CD4F004E1653 /* Scenes */,
				A5EC12BE2A33A9A1004E1653 /* API */,
				A5EC12B62A33A1FE004E1653 /* Model */,
				A537BD962A1D2AE800260DF0 /* catsApp.swift */,
				A537BD982A1D2AE800260DF0 /* ContentView.swift */,
				A537BD9A2A1D2AE900260DF0 /* Assets.xcassets */,
				A537BD9C2A1D2AE900260DF0 /* Preview Content */,
			);
			path = cats;
			sourceTree = "<group>";
		};
		A537BD9C2A1D2AE900260DF0 /* Preview Content */ = {
			isa = PBXGroup;
			children = (
				A537BD9D2A1D2AE900260DF0 /* Preview Assets.xcassets */,
			);
			path = "Preview Content";
			sourceTree = "<group>";
		};
		A537BDA62A1D2AE900260DF0 /* catsTests */ = {
			isa = PBXGroup;
			children = (
				A537BDA72A1D2AE900260DF0 /* catsTests.swift */,
			);
			path = catsTests;
			sourceTree = "<group>";
		};
		A537BDB02A1D2AE900260DF0 /* catsUITests */ = {
			isa = PBXGroup;
			children = (
				A537BDB12A1D2AE900260DF0 /* catsUITests.swift */,
				A537BDB32A1D2AE900260DF0 /* catsUITestsLaunchTests.swift */,
			);
			path = catsUITests;
			sourceTree = "<group>";
		};
		A5EC12B62A33A1FE004E1653 /* Model */ = {
			isa = PBXGroup;
			children = (
				A5EC12EE2A33DA74004E1653 /* Response */,
				A5EC12B72A33A20F004E1653 /* Domain */,
				A5EC12C82A33CC5B004E1653 /* Constants.swift */,
			);
			path = Model;
			sourceTree = "<group>";
		};
		A5EC12B72A33A20F004E1653 /* Domain */ = {
			isa = PBXGroup;
			children = (
				A5EC12BA2A33A6E9004E1653 /* Breed.swift */,
				A5EC12DD2A33D36F004E1653 /* CatImage.swift */,
			);
			path = Domain;
			sourceTree = "<group>";
		};
		A5EC12BE2A33A9A1004E1653 /* API */ = {
			isa = PBXGroup;
			children = (
				A5EC12BF2A33A9AB004E1653 /* Endpoints */,
				A5EC12C02A33CB68004E1653 /* Enpoint.swift */,
				A5EC12C22A33CB93004E1653 /* HTTPMethod.swift */,
				A5EC12C42A33CBA9004E1653 /* HTTPHeader.swift */,
				A5EC12C62A33CBC9004E1653 /* APIError.swift */,
				A5EC12D12A33CFA9004E1653 /* APIManager.swift */,
			);
			path = API;
			sourceTree = "<group>";
		};
		A5EC12BF2A33A9AB004E1653 /* Endpoints */ = {
			isa = PBXGroup;
			children = (
				A5EC12BC2A33A999004E1653 /* BreedDetailEndpoint.swift */,
				A5EC12D32A33D09E004E1653 /* ImageEndpoint.swift */,
			);
			path = Endpoints;
			sourceTree = "<group>";
		};
		A5EC12CA2A33CD4F004E1653 /* Scenes */ = {
			isa = PBXGroup;
			children = (
				A5EC12E62A33D67B004E1653 /* Breed Detail */,
				A5EC12CB2A33CD7E004E1653 /* BreedsListView.swift */,
				A5EC12CD2A33CD97004E1653 /* BreedsListViewModel.swift */,
				A5EC12DF2A33D52E004E1653 /* BreedsListItemView.swift */,
				A5EC12F82A35E89A004E1653 /* BreedsGridItemView.swift */,
			);
			path = Scenes;
			sourceTree = "<group>";
		};
		A5EC12D52A33D19B004E1653 /* Logger */ = {
			isa = PBXGroup;
			children = (
				A5EC12D62A33D1A8004E1653 /* Logger.swift */,
			);
			path = Logger;
			sourceTree = "<group>";
		};
		A5EC12DA2A33D30F004E1653 /* Utilities */ = {
			isa = PBXGroup;
			children = (
				A5EC12DB2A33D322004E1653 /* URL.swift */,
				A5EC12EC2A33D819004E1653 /* OnFirstApperViewModifier.swift */,
			);
			path = Utilities;
			sourceTree = "<group>";
		};
		A5EC12E12A33D5E6004E1653 /* Styles */ = {
			isa = PBXGroup;
			children = (
				A5EC12E22A33D5FE004E1653 /* Font+App.swift */,
				A5EC12E42A33D63B004E1653 /* Color+App.swift */,
			);
			path = Styles;
			sourceTree = "<group>";
		};
		A5EC12E62A33D67B004E1653 /* Breed Detail */ = {
			isa = PBXGroup;
			children = (
				A5EC12E72A33D6C3004E1653 /* BreedDetailView.swift */,
				A5EC12E92A33D6EF004E1653 /* BreedDetailViewModel.swift */,
				A5CAB22C2A35FDE800304A39 /* SafariView.swift */,
			);
			path = "Breed Detail";
			sourceTree = "<group>";
		};
		A5EC12EE2A33DA74004E1653 /* Response */ = {
			isa = PBXGroup;
			children = (
				A5EC12EF2A33DA93004E1653 /* PaginatedResponse.swift */,
				A5EC12F12A33DAAA004E1653 /* PaginationInfo.swift */,
			);
			path = Response;
			sourceTree = "<group>";
		};
		A5EC12F32A33DC20004E1653 /* DI */ = {
			isa = PBXGroup;
			children = (
				A5EC12F42A33DC34004E1653 /* DIContainer.swift */,
			);
			path = DI;
			sourceTree = "<group>";
		};
/* End PBXGroup section */

/* Begin PBXNativeTarget section */
		A537BD922A1D2AE800260DF0 /* cats */ = {
			isa = PBXNativeTarget;
			buildConfigurationList = A537BDB72A1D2AE900260DF0 /* Build configuration list for PBXNativeTarget "cats" */;
			buildPhases = (
				A537BD8F2A1D2AE800260DF0 /* Sources */,
				A537BD902A1D2AE800260DF0 /* Frameworks */,
				A537BD912A1D2AE800260DF0 /* Resources */,
			);
			buildRules = (
			);
			dependencies = (
			);
			name = cats;
			productName = cats;
			productReference = A537BD932A1D2AE800260DF0 /* cats.app */;
			productType = "com.apple.product-type.application";
		};
		A537BDA22A1D2AE900260DF0 /* catsTests */ = {
			isa = PBXNativeTarget;
			buildConfigurationList = A537BDBA2A1D2AE900260DF0 /* Build configuration list for PBXNativeTarget "catsTests" */;
			buildPhases = (
				A537BD9F2A1D2AE900260DF0 /* Sources */,
				A537BDA02A1D2AE900260DF0 /* Frameworks */,
				A537BDA12A1D2AE900260DF0 /* Resources */,
			);
			buildRules = (
			);
			dependencies = (
				A537BDA52A1D2AE900260DF0 /* PBXTargetDependency */,
			);
			name = catsTests;
			productName = catsTests;
			productReference = A537BDA32A1D2AE900260DF0 /* catsTests.xctest */;
			productType = "com.apple.product-type.bundle.unit-test";
		};
		A537BDAC2A1D2AE900260DF0 /* catsUITests */ = {
			isa = PBXNativeTarget;
			buildConfigurationList = A537BDBD2A1D2AE900260DF0 /* Build configuration list for PBXNativeTarget "catsUITests" */;
			buildPhases = (
				A537BDA92A1D2AE900260DF0 /* Sources */,
				A537BDAA2A1D2AE900260DF0 /* Frameworks */,
				A537BDAB2A1D2AE900260DF0 /* Resources */,
			);
			buildRules = (
			);
			dependencies = (
				A537BDAF2A1D2AE900260DF0 /* PBXTargetDependency */,
			);
			name = catsUITests;
			productName = catsUITests;
			productReference = A537BDAD2A1D2AE900260DF0 /* catsUITests.xctest */;
			productType = "com.apple.product-type.bundle.ui-testing";
		};
/* End PBXNativeTarget section */

/* Begin PBXProject section */
		A537BD8B2A1D2AE800260DF0 /* Project object */ = {
			isa = PBXProject;
			attributes = {
				BuildIndependentTargetsInParallel = 1;
				LastSwiftUpdateCheck = 1430;
				LastUpgradeCheck = 1430;
				TargetAttributes = {
					A537BD922A1D2AE800260DF0 = {
						CreatedOnToolsVersion = 14.3;
					};
					A537BDA22A1D2AE900260DF0 = {
						CreatedOnToolsVersion = 14.3;
						TestTargetID = A537BD922A1D2AE800260DF0;
					};
					A537BDAC2A1D2AE900260DF0 = {
						CreatedOnToolsVersion = 14.3;
						TestTargetID = A537BD922A1D2AE800260DF0;
					};
				};
			};
			buildConfigurationList = A537BD8E2A1D2AE800260DF0 /* Build configuration list for PBXProject "cats" */;
			compatibilityVersion = "Xcode 14.0";
			developmentRegion = en;
			hasScannedForEncodings = 0;
			knownRegions = (
				en,
				Base,
			);
			mainGroup = A537BD8A2A1D2AE800260DF0;
			productRefGroup = A537BD942A1D2AE800260DF0 /* Products */;
			projectDirPath = "";
			projectRoot = "";
			targets = (
				A537BD922A1D2AE800260DF0 /* cats */,
				A537BDA22A1D2AE900260DF0 /* catsTests */,
				A537BDAC2A1D2AE900260DF0 /* catsUITests */,
			);
		};
/* End PBXProject section */

/* Begin PBXResourcesBuildPhase section */
		A537BD912A1D2AE800260DF0 /* Resources */ = {
			isa = PBXResourcesBuildPhase;
			buildActionMask = 2147483647;
			files = (
				A537BD9E2A1D2AE900260DF0 /* Preview Assets.xcassets in Resources */,
				A537BD9B2A1D2AE900260DF0 /* Assets.xcassets in Resources */,
			);
			runOnlyForDeploymentPostprocessing = 0;
		};
		A537BDA12A1D2AE900260DF0 /* Resources */ = {
			isa = PBXResourcesBuildPhase;
			buildActionMask = 2147483647;
			files = (
			);
			runOnlyForDeploymentPostprocessing = 0;
		};
		A537BDAB2A1D2AE900260DF0 /* Resources */ = {
			isa = PBXResourcesBuildPhase;
			buildActionMask = 2147483647;
			files = (
			);
			runOnlyForDeploymentPostprocessing = 0;
		};
/* End PBXResourcesBuildPhase section */

/* Begin PBXSourcesBuildPhase section */
		A537BD8F2A1D2AE800260DF0 /* Sources */ = {
			isa = PBXSourcesBuildPhase;
			buildActionMask = 2147483647;
			files = (
				A5EC12F92A35E89A004E1653 /* BreedsGridItemView.swift in Sources */,
				A5CAB22D2A35FDE800304A39 /* SafariView.swift in Sources */,
				A5EC12F22A33DAAA004E1653 /* PaginationInfo.swift in Sources */,
				A5EC12E02A33D52E004E1653 /* BreedsListItemView.swift in Sources */,
				A5EC12ED2A33D819004E1653 /* OnFirstApperViewModifier.swift in Sources */,
				A5EC12E52A33D63B004E1653 /* Color+App.swift in Sources */,
				A5EC12CE2A33CD97004E1653 /* BreedsListViewModel.swift in Sources */,
				A5EC12BB2A33A6E9004E1653 /* Breed.swift in Sources */,
				A5EC12F52A33DC34004E1653 /* DIContainer.swift in Sources */,
				A5EC12C12A33CB68004E1653 /* Enpoint.swift in Sources */,
				A5EC12C32A33CB93004E1653 /* HTTPMethod.swift in Sources */,
				A5EC12CC2A33CD7E004E1653 /* BreedsListView.swift in Sources */,
				A537BD992A1D2AE800260DF0 /* ContentView.swift in Sources */,
				A5EC12DC2A33D322004E1653 /* URL.swift in Sources */,
				A5EC12BD2A33A999004E1653 /* BreedDetailEndpoint.swift in Sources */,
				A5EC12E82A33D6C3004E1653 /* BreedDetailView.swift in Sources */,
				A5EC12DE2A33D36F004E1653 /* CatImage.swift in Sources */,
				A5EC12F02A33DA93004E1653 /* PaginatedResponse.swift in Sources */,
				A5EC12C72A33CBC9004E1653 /* APIError.swift in Sources */,
				A5EC12EA2A33D6EF004E1653 /* BreedDetailViewModel.swift in Sources */,
				A5EC12C52A33CBA9004E1653 /* HTTPHeader.swift in Sources */,
				A5EC12D72A33D1A8004E1653 /* Logger.swift in Sources */,
				A5EC12E32A33D5FE004E1653 /* Font+App.swift in Sources */,
				A5EC12D42A33D09E004E1653 /* ImageEndpoint.swift in Sources */,
				A5EC12D22A33CFA9004E1653 /* APIManager.swift in Sources */,
				A537BD972A1D2AE800260DF0 /* catsApp.swift in Sources */,
				A5EC12C92A33CC5B004E1653 /* Constants.swift in Sources */,
			);
			runOnlyForDeploymentPostprocessing = 0;
		};
		A537BD9F2A1D2AE900260DF0 /* Sources */ = {
			isa = PBXSourcesBuildPhase;
			buildActionMask = 2147483647;
			files = (
				A537BDA82A1D2AE900260DF0 /* catsTests.swift in Sources */,
			);
			runOnlyForDeploymentPostprocessing = 0;
		};
		A537BDA92A1D2AE900260DF0 /* Sources */ = {
			isa = PBXSourcesBuildPhase;
			buildActionMask = 2147483647;
			files = (
				A537BDB22A1D2AE900260DF0 /* catsUITests.swift in Sources */,
				A537BDB42A1D2AE900260DF0 /* catsUITestsLaunchTests.swift in Sources */,
			);
			runOnlyForDeploymentPostprocessing = 0;
		};
/* End PBXSourcesBuildPhase section */

/* Begin PBXTargetDependency section */
		A537BDA52A1D2AE900260DF0 /* PBXTargetDependency */ = {
			isa = PBXTargetDependency;
			target = A537BD922A1D2AE800260DF0 /* cats */;
			targetProxy = A537BDA42A1D2AE900260DF0 /* PBXContainerItemProxy */;
		};
		A537BDAF2A1D2AE900260DF0 /* PBXTargetDependency */ = {
			isa = PBXTargetDependency;
			target = A537BD922A1D2AE800260DF0 /* cats */;
			targetProxy = A537BDAE2A1D2AE900260DF0 /* PBXContainerItemProxy */;
		};
/* End PBXTargetDependency section */

/* Begin XCBuildConfiguration section */
		A537BDB52A1D2AE900260DF0 /* Debug */ = {
			isa = XCBuildConfiguration;
			buildSettings = {
				ALWAYS_SEARCH_USER_PATHS = NO;
				CLANG_ANALYZER_NONNULL = YES;
				CLANG_ANALYZER_NUMBER_OBJECT_CONVERSION = YES_AGGRESSIVE;
				CLANG_CXX_LANGUAGE_STANDARD = "gnu++20";
				CLANG_ENABLE_MODULES = YES;
				CLANG_ENABLE_OBJC_ARC = YES;
				CLANG_ENABLE_OBJC_WEAK = YES;
				CLANG_WARN_BLOCK_CAPTURE_AUTORELEASING = YES;
				CLANG_WARN_BOOL_CONVERSION = YES;
				CLANG_WARN_COMMA = YES;
				CLANG_WARN_CONSTANT_CONVERSION = YES;
				CLANG_WARN_DEPRECATED_OBJC_IMPLEMENTATIONS = YES;
				CLANG_WARN_DIRECT_OBJC_ISA_USAGE = YES_ERROR;
				CLANG_WARN_DOCUMENTATION_COMMENTS = YES;
				CLANG_WARN_EMPTY_BODY = YES;
				CLANG_WARN_ENUM_CONVERSION = YES;
				CLANG_WARN_INFINITE_RECURSION = YES;
				CLANG_WARN_INT_CONVERSION = YES;
				CLANG_WARN_NON_LITERAL_NULL_CONVERSION = YES;
				CLANG_WARN_OBJC_IMPLICIT_RETAIN_SELF = YES;
				CLANG_WARN_OBJC_LITERAL_CONVERSION = YES;
				CLANG_WARN_OBJC_ROOT_CLASS = YES_ERROR;
				CLANG_WARN_QUOTED_INCLUDE_IN_FRAMEWORK_HEADER = YES;
				CLANG_WARN_RANGE_LOOP_ANALYSIS = YES;
				CLANG_WARN_STRICT_PROTOTYPES = YES;
				CLANG_WARN_SUSPICIOUS_MOVE = YES;
				CLANG_WARN_UNGUARDED_AVAILABILITY = YES_AGGRESSIVE;
				CLANG_WARN_UNREACHABLE_CODE = YES;
				CLANG_WARN__DUPLICATE_METHOD_MATCH = YES;
				COPY_PHASE_STRIP = NO;
				DEBUG_INFORMATION_FORMAT = dwarf;
				ENABLE_STRICT_OBJC_MSGSEND = YES;
				ENABLE_TESTABILITY = YES;
				GCC_C_LANGUAGE_STANDARD = gnu11;
				GCC_DYNAMIC_NO_PIC = NO;
				GCC_NO_COMMON_BLOCKS = YES;
				GCC_OPTIMIZATION_LEVEL = 0;
				GCC_PREPROCESSOR_DEFINITIONS = (
					"DEBUG=1",
					"$(inherited)",
				);
				GCC_WARN_64_TO_32_BIT_CONVERSION = YES;
				GCC_WARN_ABOUT_RETURN_TYPE = YES_ERROR;
				GCC_WARN_UNDECLARED_SELECTOR = YES;
				GCC_WARN_UNINITIALIZED_AUTOS = YES_AGGRESSIVE;
				GCC_WARN_UNUSED_FUNCTION = YES;
				GCC_WARN_UNUSED_VARIABLE = YES;
				IPHONEOS_DEPLOYMENT_TARGET = 16.4;
				MTL_ENABLE_DEBUG_INFO = INCLUDE_SOURCE;
				MTL_FAST_MATH = YES;
				ONLY_ACTIVE_ARCH = YES;
				SDKROOT = iphoneos;
				SWIFT_ACTIVE_COMPILATION_CONDITIONS = DEBUG;
				SWIFT_OPTIMIZATION_LEVEL = "-Onone";
			};
			name = Debug;
		};
		A537BDB62A1D2AE900260DF0 /* Release */ = {
			isa = XCBuildConfiguration;
			buildSettings = {
				ALWAYS_SEARCH_USER_PATHS = NO;
				CLANG_ANALYZER_NONNULL = YES;
				CLANG_ANALYZER_NUMBER_OBJECT_CONVERSION = YES_AGGRESSIVE;
				CLANG_CXX_LANGUAGE_STANDARD = "gnu++20";
				CLANG_ENABLE_MODULES = YES;
				CLANG_ENABLE_OBJC_ARC = YES;
				CLANG_ENABLE_OBJC_WEAK = YES;
				CLANG_WARN_BLOCK_CAPTURE_AUTORELEASING = YES;
				CLANG_WARN_BOOL_CONVERSION = YES;
				CLANG_WARN_COMMA = YES;
				CLANG_WARN_CONSTANT_CONVERSION = YES;
				CLANG_WARN_DEPRECATED_OBJC_IMPLEMENTATIONS = YES;
				CLANG_WARN_DIRECT_OBJC_ISA_USAGE = YES_ERROR;
				CLANG_WARN_DOCUMENTATION_COMMENTS = YES;
				CLANG_WARN_EMPTY_BODY = YES;
				CLANG_WARN_ENUM_CONVERSION = YES;
				CLANG_WARN_INFINITE_RECURSION = YES;
				CLANG_WARN_INT_CONVERSION = YES;
				CLANG_WARN_NON_LITERAL_NULL_CONVERSION = YES;
				CLANG_WARN_OBJC_IMPLICIT_RETAIN_SELF = YES;
				CLANG_WARN_OBJC_LITERAL_CONVERSION = YES;
				CLANG_WARN_OBJC_ROOT_CLASS = YES_ERROR;
				CLANG_WARN_QUOTED_INCLUDE_IN_FRAMEWORK_HEADER = YES;
				CLANG_WARN_RANGE_LOOP_ANALYSIS = YES;
				CLANG_WARN_STRICT_PROTOTYPES = YES;
				CLANG_WARN_SUSPICIOUS_MOVE = YES;
				CLANG_WARN_UNGUARDED_AVAILABILITY = YES_AGGRESSIVE;
				CLANG_WARN_UNREACHABLE_CODE = YES;
				CLANG_WARN__DUPLICATE_METHOD_MATCH = YES;
				COPY_PHASE_STRIP = NO;
				DEBUG_INFORMATION_FORMAT = "dwarf-with-dsym";
				ENABLE_NS_ASSERTIONS = NO;
				ENABLE_STRICT_OBJC_MSGSEND = YES;
				GCC_C_LANGUAGE_STANDARD = gnu11;
				GCC_NO_COMMON_BLOCKS = YES;
				GCC_WARN_64_TO_32_BIT_CONVERSION = YES;
				GCC_WARN_ABOUT_RETURN_TYPE = YES_ERROR;
				GCC_WARN_UNDECLARED_SELECTOR = YES;
				GCC_WARN_UNINITIALIZED_AUTOS = YES_AGGRESSIVE;
				GCC_WARN_UNUSED_FUNCTION = YES;
				GCC_WARN_UNUSED_VARIABLE = YES;
				IPHONEOS_DEPLOYMENT_TARGET = 16.4;
				MTL_ENABLE_DEBUG_INFO = NO;
				MTL_FAST_MATH = YES;
				SDKROOT = iphoneos;
				SWIFT_COMPILATION_MODE = wholemodule;
				SWIFT_OPTIMIZATION_LEVEL = "-O";
				VALIDATE_PRODUCT = YES;
			};
			name = Release;
		};
		A537BDB82A1D2AE900260DF0 /* Debug */ = {
			isa = XCBuildConfiguration;
			buildSettings = {
				ASSETCATALOG_COMPILER_APPICON_NAME = AppIcon;
				ASSETCATALOG_COMPILER_GLOBAL_ACCENT_COLOR_NAME = AccentColor;
				CODE_SIGN_STYLE = Automatic;
				CURRENT_PROJECT_VERSION = 1;
				DEVELOPMENT_ASSET_PATHS = "\"cats/Preview Content\"";
				ENABLE_PREVIEWS = YES;
				GENERATE_INFOPLIST_FILE = YES;
				INFOPLIST_KEY_UIApplicationSceneManifest_Generation = YES;
				INFOPLIST_KEY_UIApplicationSupportsIndirectInputEvents = YES;
				INFOPLIST_KEY_UILaunchScreen_Generation = YES;
				INFOPLIST_KEY_UISupportedInterfaceOrientations_iPad = "UIInterfaceOrientationPortrait UIInterfaceOrientationPortraitUpsideDown UIInterfaceOrientationLandscapeLeft UIInterfaceOrientationLandscapeRight";
				INFOPLIST_KEY_UISupportedInterfaceOrientations_iPhone = "UIInterfaceOrientationPortrait UIInterfaceOrientationLandscapeLeft UIInterfaceOrientationLandscapeRight";
				LD_RUNPATH_SEARCH_PATHS = (
					"$(inherited)",
					"@executable_path/Frameworks",
				);
				MARKETING_VERSION = 1.0;
				PRODUCT_BUNDLE_IDENTIFIER = fral06.cats;
				PRODUCT_NAME = "$(TARGET_NAME)";
				SWIFT_EMIT_LOC_STRINGS = YES;
				SWIFT_VERSION = 5.0;
				TARGETED_DEVICE_FAMILY = "1,2";
			};
			name = Debug;
		};
		A537BDB92A1D2AE900260DF0 /* Release */ = {
			isa = XCBuildConfiguration;
			buildSettings = {
				ASSETCATALOG_COMPILER_APPICON_NAME = AppIcon;
				ASSETCATALOG_COMPILER_GLOBAL_ACCENT_COLOR_NAME = AccentColor;
				CODE_SIGN_STYLE = Automatic;
				CURRENT_PROJECT_VERSION = 1;
				DEVELOPMENT_ASSET_PATHS = "\"cats/Preview Content\"";
				ENABLE_PREVIEWS = YES;
				GENERATE_INFOPLIST_FILE = YES;
				INFOPLIST_KEY_UIApplicationSceneManifest_Generation = YES;
				INFOPLIST_KEY_UIApplicationSupportsIndirectInputEvents = YES;
				INFOPLIST_KEY_UILaunchScreen_Generation = YES;
				INFOPLIST_KEY_UISupportedInterfaceOrientations_iPad = "UIInterfaceOrientationPortrait UIInterfaceOrientationPortraitUpsideDown UIInterfaceOrientationLandscapeLeft UIInterfaceOrientationLandscapeRight";
				INFOPLIST_KEY_UISupportedInterfaceOrientations_iPhone = "UIInterfaceOrientationPortrait UIInterfaceOrientationLandscapeLeft UIInterfaceOrientationLandscapeRight";
				LD_RUNPATH_SEARCH_PATHS = (
					"$(inherited)",
					"@executable_path/Frameworks",
				);
				MARKETING_VERSION = 1.0;
				PRODUCT_BUNDLE_IDENTIFIER = fral06.cats;
				PRODUCT_NAME = "$(TARGET_NAME)";
				SWIFT_EMIT_LOC_STRINGS = YES;
				SWIFT_VERSION = 5.0;
				TARGETED_DEVICE_FAMILY = "1,2";
			};
			name = Release;
		};
		A537BDBB2A1D2AE900260DF0 /* Debug */ = {
			isa = XCBuildConfiguration;
			buildSettings = {
				ALWAYS_EMBED_SWIFT_STANDARD_LIBRARIES = YES;
				BUNDLE_LOADER = "$(TEST_HOST)";
				CODE_SIGN_STYLE = Automatic;
				CURRENT_PROJECT_VERSION = 1;
				GENERATE_INFOPLIST_FILE = YES;
				IPHONEOS_DEPLOYMENT_TARGET = 16.4;
				MARKETING_VERSION = 1.0;
				PRODUCT_BUNDLE_IDENTIFIER = fral06.catsTests;
				PRODUCT_NAME = "$(TARGET_NAME)";
				SWIFT_EMIT_LOC_STRINGS = NO;
				SWIFT_VERSION = 5.0;
				TARGETED_DEVICE_FAMILY = "1,2";
				TEST_HOST = "$(BUILT_PRODUCTS_DIR)/cats.app/$(BUNDLE_EXECUTABLE_FOLDER_PATH)/cats";
			};
			name = Debug;
		};
		A537BDBC2A1D2AE900260DF0 /* Release */ = {
			isa = XCBuildConfiguration;
			buildSettings = {
				ALWAYS_EMBED_SWIFT_STANDARD_LIBRARIES = YES;
				BUNDLE_LOADER = "$(TEST_HOST)";
				CODE_SIGN_STYLE = Automatic;
				CURRENT_PROJECT_VERSION = 1;
				GENERATE_INFOPLIST_FILE = YES;
				IPHONEOS_DEPLOYMENT_TARGET = 16.4;
				MARKETING_VERSION = 1.0;
				PRODUCT_BUNDLE_IDENTIFIER = fral06.catsTests;
				PRODUCT_NAME = "$(TARGET_NAME)";
				SWIFT_EMIT_LOC_STRINGS = NO;
				SWIFT_VERSION = 5.0;
				TARGETED_DEVICE_FAMILY = "1,2";
				TEST_HOST = "$(BUILT_PRODUCTS_DIR)/cats.app/$(BUNDLE_EXECUTABLE_FOLDER_PATH)/cats";
			};
			name = Release;
		};
		A537BDBE2A1D2AE900260DF0 /* Debug */ = {
			isa = XCBuildConfiguration;
			buildSettings = {
				ALWAYS_EMBED_SWIFT_STANDARD_LIBRARIES = YES;
				CODE_SIGN_STYLE = Automatic;
				CURRENT_PROJECT_VERSION = 1;
				GENERATE_INFOPLIST_FILE = YES;
				MARKETING_VERSION = 1.0;
				PRODUCT_BUNDLE_IDENTIFIER = fral06.catsUITests;
				PRODUCT_NAME = "$(TARGET_NAME)";
				SWIFT_EMIT_LOC_STRINGS = NO;
				SWIFT_VERSION = 5.0;
				TARGETED_DEVICE_FAMILY = "1,2";
				TEST_TARGET_NAME = cats;
			};
			name = Debug;
		};
		A537BDBF2A1D2AE900260DF0 /* Release */ = {
			isa = XCBuildConfiguration;
			buildSettings = {
				ALWAYS_EMBED_SWIFT_STANDARD_LIBRARIES = YES;
				CODE_SIGN_STYLE = Automatic;
				CURRENT_PROJECT_VERSION = 1;
				GENERATE_INFOPLIST_FILE = YES;
				MARKETING_VERSION = 1.0;
				PRODUCT_BUNDLE_IDENTIFIER = fral06.catsUITests;
				PRODUCT_NAME = "$(TARGET_NAME)";
				SWIFT_EMIT_LOC_STRINGS = NO;
				SWIFT_VERSION = 5.0;
				TARGETED_DEVICE_FAMILY = "1,2";
				TEST_TARGET_NAME = cats;
			};
			name = Release;
		};
/* End XCBuildConfiguration section */

/* Begin XCConfigurationList section */
		A537BD8E2A1D2AE800260DF0 /* Build configuration list for PBXProject "cats" */ = {
			isa = XCConfigurationList;
			buildConfigurations = (
				A537BDB52A1D2AE900260DF0 /* Debug */,
				A537BDB62A1D2AE900260DF0 /* Release */,
			);
			defaultConfigurationIsVisible = 0;
			defaultConfigurationName = Release;
		};
		A537BDB72A1D2AE900260DF0 /* Build configuration list for PBXNativeTarget "cats" */ = {
			isa = XCConfigurationList;
			buildConfigurations = (
				A537BDB82A1D2AE900260DF0 /* Debug */,
				A537BDB92A1D2AE900260DF0 /* Release */,
			);
			defaultConfigurationIsVisible = 0;
			defaultConfigurationName = Release;
		};
		A537BDBA2A1D2AE900260DF0 /* Build configuration list for PBXNativeTarget "catsTests" */ = {
			isa = XCConfigurationList;
			buildConfigurations = (
				A537BDBB2A1D2AE900260DF0 /* Debug */,
				A537BDBC2A1D2AE900260DF0 /* Release */,
			);
			defaultConfigurationIsVisible = 0;
			defaultConfigurationName = Release;
		};
		A537BDBD2A1D2AE900260DF0 /* Build configuration list for PBXNativeTarget "catsUITests" */ = {
			isa = XCConfigurationList;
			buildConfigurations = (
				A537BDBE2A1D2AE900260DF0 /* Debug */,
				A537BDBF2A1D2AE900260DF0 /* Release */,
			);
			defaultConfigurationIsVisible = 0;
			defaultConfigurationName = Release;
		};
/* End XCConfigurationList section */
	};
	rootObject = A537BD8B2A1D2AE800260DF0 /* Project object */;
}
